{
  "nodes": {
    "nixpkgs": {
      "locked": {
        "lastModified": 1715070862,
        "narHash": "sha256-ZllIP3BDCnGhpXOF8yzaW3x6JyDrLUuaYoghZwrnUPA=",
        "owner": "NixOS",
        "repo": "nixpkgs",
        "rev": "720dbae2e22b971dc485aed803b2ed03866bfcbd",
        "type": "github"
      },
      "original": {
        "owner": "NixOS",
        "repo": "nixpkgs",
        "type": "github"
      }
    },
    "root": {
      "inputs": {
        "nixpkgs": "nixpkgs"
      }
    }
  },
  "root": "root",
  "version": 7
}
